{
  "name": "single",
  "version": "1.0.0",
  "lockfileVersion": 3,
  "requires": true,
  "packages": {
    "": {
      "name": "single",
      "version": "1.0.0",
      "license": "Apache-2.0",
      "dependencies": {
        "@starterstack/sam-expand": "^0.0.6"
      }
    },
    "node_modules/@starterstack/sam-expand": {
      "version": "0.0.6",
      "resolved": "https://registry.npmjs.org/@starterstack/sam-expand/-/sam-expand-0.0.6.tgz",
      "integrity": "sha512-UapXYGyplIkPh4bjtHnVEOe09iskInAm4q/2qEeHcneLMoXfM4zedo38i47N7UQu9nH4h2NZmiTWxVFHeBYcOw==",
      "dependencies": {
        "@starterstack/sam-expand": "0.0.5",
        "yaml-cfn": "0.3.2"
      },
      "bin": {
        "sam-expand": "src/cli.js"
      },
      "engines": {
        "node": ">= 20 < 21",
        "npm": ">= 10"
      }
    },
    "node_modules/@starterstack/sam-expand/node_modules/@starterstack/sam-expand": {
      "version": "0.0.5",
      "resolved": "https://registry.npmjs.org/@starterstack/sam-expand/-/sam-expand-0.0.5.tgz",
      "integrity": "sha512-ZYxc4ebz1yY+UGIw9dFuK45fPEymqK3k98u1Hy5l0Nvl4i0wLfplD5qB3VDJ8ddLb8QqGUCPZBbVnEDigoBHfQ==",
      "dependencies": {
        "yaml-cfn": "0.3.2"
      },
      "bin": {
        "sam-expand": "src/cli.js"
      },
      "engines": {
        "node": ">= 20 < 21",
        "npm": ">= 10"
      }
    },
    "node_modules/argparse": {
      "version": "2.0.1",
      "resolved": "https://registry.npmjs.org/argparse/-/argparse-2.0.1.tgz",
      "integrity": "sha512-8+9WqebbFzpX9OR+Wa6O29asIogeRMzcGtAINdpMHHyAg10f05aSFVBbcEqGf/PXw1EjAZ+q2/bEBg3DvurK3Q=="
    },
    "node_modules/js-yaml": {
      "version": "4.1.0",
      "resolved": "https://registry.npmjs.org/js-yaml/-/js-yaml-4.1.0.tgz",
      "integrity": "sha512-wpxZs9NoxZaJESJGIZTyDEaYpl0FKSA+FB9aJiyemKhMwkxQg63h4T1KJgUGHpTqPDNRcmmYLugrRjJlBtWvRA==",
      "dependencies": {
        "argparse": "^2.0.1"
      },
      "bin": {
        "js-yaml": "bin/js-yaml.js"
      }
    },
    "node_modules/yaml-cfn": {
      "version": "0.3.2",
      "resolved": "https://registry.npmjs.org/yaml-cfn/-/yaml-cfn-0.3.2.tgz",
      "integrity": "sha512-MvrWhv40GKWHFGCliTGGAMwAeqIXf/bzf6WW48+xND9iMp8cTj0R8xkwM0lX/GzNN/EZKr5gP4Hx63Fn+sICoA==",
      "dependencies": {
        "js-yaml": "^4.0.0"
      },
      "bin": {
        "yaml-cfn": "cli.js"
      }
    }
  }
}
